
Microsoft Visual Studio Solution File, Format Version 12.00
# Visual Studio Version 17
VisualStudioVersion = 17.7.33711.374
MinimumVisualStudioVersion = 10.0.40219.1
Project("{2150E333-8FDC-42A3-9474-1A3956D46DE8}") = "src", "src", "{A717289A-2A3B-440B-9068-1AC355F34007}"
EndProject
Project("{9A19103F-16F7-4668-BE54-9A1E7A4F7556}") = "DaprConfig.Api", "src\DaprConfig.Api\DaprConfig.Api.csproj", "{E4997E32-191D-4C80-8547-FE5C5780F3BE}"
EndProject
Project("{E53339B2-1760-4266-BCC7-CA923CBCF16C}") = "docker-compose", "docker-compose.dcproj", "{87048AF8-CD87-47C0-BF4C-723751F42B0E}"
EndProject
Global
	GlobalSection(SolutionConfigurationPlatforms) = preSolution
		Debug|Any CPU = Debug|Any CPU
		Release|Any CPU = Release|Any CPU
	EndGlobalSection
	GlobalSection(ProjectConfigurationPlatforms) = postSolution
		{E4997E32-191D-4C80-8547-FE5C5780F3BE}.Debug|Any CPU.ActiveCfg = Debug|Any CPU
		{E4997E32-191D-4C80-8547-FE5C5780F3BE}.Debug|Any CPU.Build.0 = Debug|Any CPU
		{E4997E32-191D-4C80-8547-FE5C5780F3BE}.Release|Any CPU.ActiveCfg = Release|Any CPU
		{E4997E32-191D-4C80-8547-FE5C5780F3BE}.Release|Any CPU.Build.0 = Release|Any CPU
		{87048AF8-CD87-47C0-BF4C-723751F42B0E}.Debug|Any CPU.ActiveCfg = Debug|Any CPU
		{87048AF8-CD87-47C0-BF4C-723751F42B0E}.Debug|Any CPU.Build.0 = Debug|Any CPU
		{87048AF8-CD87-47C0-BF4C-723751F42B0E}.Release|Any CPU.ActiveCfg = Release|Any CPU
		{87048AF8-CD87-47C0-BF4C-723751F42B0E}.Release|Any CPU.Build.0 = Release|Any CPU
	EndGlobalSection
	GlobalSection(SolutionProperties) = preSolution
		HideSolutionNode = FALSE
	EndGlobalSection
	GlobalSection(NestedProjects) = preSolution
		{E4997E32-191D-4C80-8547-FE5C5780F3BE} = {A717289A-2A3B-440B-9068-1AC355F34007}
	EndGlobalSection
	GlobalSection(ExtensibilityGlobals) = postSolution
		SolutionGuid = {C0604888-0BB8-4EF2-B7D8-972C941D8A46}
	EndGlobalSection
EndGlobal
